// !$*UTF8*$!
{
	archiveVersion = 1;
	classes = {
	};
	objectVersion = 55;
	objects = {

/* Begin PBXBuildFile section */
		6094720428D2F6A9008A6A1B /* AppDelegate.swift in Sources */ = {isa = PBXBuildFile; fileRef = 6094720328D2F6A9008A6A1B /* AppDelegate.swift */; };
		6094720628D2F6A9008A6A1B /* SceneDelegate.swift in Sources */ = {isa = PBXBuildFile; fileRef = 6094720528D2F6A9008A6A1B /* SceneDelegate.swift */; };
		6094720828D2F6A9008A6A1B /* ViewController.swift in Sources */ = {isa = PBXBuildFile; fileRef = 6094720728D2F6A9008A6A1B /* ViewController.swift */; };
		6094720B28D2F6A9008A6A1B /* Main.storyboard in Resources */ = {isa = PBXBuildFile; fileRef = 6094720928D2F6A9008A6A1B /* Main.storyboard */; };
		6094720D28D2F6AB008A6A1B /* Assets.xcassets in Resources */ = {isa = PBXBuildFile; fileRef = 6094720C28D2F6AB008A6A1B /* Assets.xcassets */; };
		6094721028D2F6AB008A6A1B /* LaunchScreen.storyboard in Resources */ = {isa = PBXBuildFile; fileRef = 6094720E28D2F6AB008A6A1B /* LaunchScreen.storyboard */; };
		6094721A28D3173A008A6A1B /* secondViewController.swift in Sources */ = {isa = PBXBuildFile; fileRef = 6094721928D3173A008A6A1B /* secondViewController.swift */; };
/* End PBXBuildFile section */

/* Begin PBXFileReference section */
		6094720028D2F6A9008A6A1B /* iOS AppArchitectureAssignment2.app */ = {isa = PBXFileReference; explicitFileType = wrapper.application; includeInIndex = 0; path = "iOS AppArchitectureAssignment2.app"; sourceTree = BUILT_PRODUCTS_DIR; };
		6094720328D2F6A9008A6A1B /* AppDelegate.swift */ = {isa = PBXFileReference; lastKnownFileType = sourcecode.swift; path = AppDelegate.swift; sourceTree = "<group>"; };
		6094720528D2F6A9008A6A1B /* SceneDelegate.swift */ = {isa = PBXFileReference; lastKnownFileType = sourcecode.swift; path = SceneDelegate.swift; sourceTree = "<group>"; };
		6094720728D2F6A9008A6A1B /* ViewController.swift */ = {isa = PBXFileReference; lastKnownFileType = sourcecode.swift; path = ViewController.swift; sourceTree = "<group>"; };
		6094720A28D2F6A9008A6A1B /* Base */ = {isa = PBXFileReference; lastKnownFileType = file.storyboard; name = Base; path = Base.lproj/Main.storyboard; sourceTree = "<group>"; };
		6094720C28D2F6AB008A6A1B /* Assets.xcassets */ = {isa = PBXFileReference; lastKnownFileType = folder.assetcatalog; path = Assets.xcassets; sourceTree = "<group>"; };
		6094720F28D2F6AB008A6A1B /* Base */ = {isa = PBXFileReference; lastKnownFileType = file.storyboard; name = Base; path = Base.lproj/LaunchScreen.storyboard; sourceTree = "<group>"; };
		6094721128D2F6AB008A6A1B /* Info.plist */ = {isa = PBXFileReference; lastKnownFileType = text.plist.xml; path = Info.plist; sourceTree = "<group>"; };
		6094721928D3173A008A6A1B /* secondViewController.swift */ = {isa = PBXFileReference; lastKnownFileType = sourcecode.swift; name = secondViewController.swift; path = ../secondViewController.swift; sourceTree = "<group>"; };
/* End PBXFileReference section */

/* Begin PBXFrameworksBuildPhase section */
		609471FD28D2F6A9008A6A1B /* Frameworks */ = {
			isa = PBXFrameworksBuildPhase;
			buildActionMask = 2147483647;
			files = (
			);
			runOnlyForDeploymentPostprocessing = 0;
		};
/* End PBXFrameworksBuildPhase section */

/* Begin PBXGroup section */
		609471F728D2F6A9008A6A1B = {
			isa = PBXGroup;
			children = (
				6094720228D2F6A9008A6A1B /* iOS AppArchitectureAssignment2 */,
				6094720128D2F6A9008A6A1B /* Products */,
			);
			sourceTree = "<group>";
		};
		6094720128D2F6A9008A6A1B /* Products */ = {
			isa = PBXGroup;
			children = (
				6094720028D2F6A9008A6A1B /* iOS AppArchitectureAssignment2.app */,
			);
			name = Products;
			sourceTree = "<group>";
		};
		6094720228D2F6A9008A6A1B /* iOS AppArchitectureAssignment2 */ = {
			isa = PBXGroup;
			children = (
				6094720328D2F6A9008A6A1B /* AppDelegate.swift */,
				6094720528D2F6A9008A6A1B /* SceneDelegate.swift */,
				6094720728D2F6A9008A6A1B /* ViewController.swift */,
				6094720928D2F6A9008A6A1B /* Main.storyboard */,
				6094720C28D2F6AB008A6A1B /* Assets.xcassets */,
				6094721928D3173A008A6A1B /* secondViewController.swift */,
				6094720E28D2F6AB008A6A1B /* LaunchScreen.storyboard */,
				6094721128D2F6AB008A6A1B /* Info.plist */,
			);
			path = "iOS AppArchitectureAssignment2";
			sourceTree = "<group>";
		};
/* End PBXGroup section */

/* Begin PBXNativeTarget section */
		609471FF28D2F6A9008A6A1B /* iOS AppArchitectureAssignment2 */ = {
			isa = PBXNativeTarget;
			buildConfigurationList = 6094721428D2F6AB008A6A1B /* Build configuration list for PBXNativeTarget "iOS AppArchitectureAssignment2" */;
			buildPhases = (
				609471FC28D2F6A9008A6A1B /* Sources */,
				609471FD28D2F6A9008A6A1B /* Frameworks */,
				609471FE28D2F6A9008A6A1B /* Resources */,
			);
			buildRules = (
			);
			dependencies = (
			);
			name = "iOS AppArchitectureAssignment2";
			productName = "iOS AppArchitectureAssignment2";
			productReference = 6094720028D2F6A9008A6A1B /* iOS AppArchitectureAssignment2.app */;
			productType = "com.apple.product-type.application";
		};
/* End PBXNativeTarget section */

/* Begin PBXProject section */
		609471F828D2F6A9008A6A1B /* Project object */ = {
			isa = PBXProject;
			attributes = {
				BuildIndependentTargetsInParallel = 1;
				LastSwiftUpdateCheck = 1340;
				LastUpgradeCheck = 1340;
				TargetAttributes = {
					609471FF28D2F6A9008A6A1B = {
						CreatedOnToolsVersion = 13.4.1;
					};
				};
			};
			buildConfigurationList = 609471FB28D2F6A9008A6A1B /* Build configuration list for PBXProject "iOS AppArchitectureAssignment2" */;
			compatibilityVersion = "Xcode 13.0";
			developmentRegion = en;
			hasScannedForEncodings = 0;
			knownRegions = (
				en,
				Base,
			);
			mainGroup = 609471F728D2F6A9008A6A1B;
			productRefGroup = 6094720128D2F6A9008A6A1B /* Products */;
			projectDirPath = "";
			projectRoot = "";
			targets = (
				609471FF28D2F6A9008A6A1B /* iOS AppArchitectureAssignment2 */,
			);
		};
/* End PBXProject section */

/* Begin PBXResourcesBuildPhase section */
		609471FE28D2F6A9008A6A1B /* Resources */ = {
			isa = PBXResourcesBuildPhase;
			buildActionMask = 2147483647;
			files = (
				6094721028D2F6AB008A6A1B /* LaunchScreen.storyboard in Resources */,
				6094720D28D2F6AB008A6A1B /* Assets.xcassets in Resources */,
				6094720B28D2F6A9008A6A1B /* Main.storyboard in Resources */,
			);
			runOnlyForDeploymentPostprocessing = 0;
		};
/* End PBXResourcesBuildPhase section */

/* Begin PBXSourcesBuildPhase section */
		609471FC28D2F6A9008A6A1B /* Sources */ = {
			isa = PBXSourcesBuildPhase;
			buildActionMask = 2147483647;
			files = (
				6094721A28D3173A008A6A1B /* secondViewController.swift in Sources */,
				6094720828D2F6A9008A6A1B /* ViewController.swift in Sources */,
				6094720428D2F6A9008A6A1B /* AppDelegate.swift in Sources */,
				6094720628D2F6A9008A6A1B /* SceneDelegate.swift in Sources */,
			);
			runOnlyForDeploymentPostprocessing = 0;
		};
/* End PBXSourcesBuildPhase section */

/* Begin PBXVariantGroup section */
		6094720928D2F6A9008A6A1B /* Main.storyboard */ = {
			isa = PBXVariantGroup;
			children = (
				6094720A28D2F6A9008A6A1B /* Base */,
			);
			name = Main.storyboard;
			sourceTree = "<group>";
		};
		6094720E28D2F6AB008A6A1B /* LaunchScreen.storyboard */ = {
			isa = PBXVariantGroup;
			children = (
				6094720F28D2F6AB008A6A1B /* Base */,
			);
			name = LaunchScreen.storyboard;
			sourceTree = "<group>";
		};
/* End PBXVariantGroup section */

/* Begin XCBuildConfiguration section */
		6094721228D2F6AB008A6A1B /* Debug */ = {
			isa = XCBuildConfiguration;
			buildSettings = {
				ALWAYS_SEARCH_USER_PATHS = NO;
				CLANG_ANALYZER_NONNULL = YES;
				CLANG_ANALYZER_NUMBER_OBJECT_CONVERSION = YES_AGGRESSIVE;
				CLANG_CXX_LANGUAGE_STANDARD = "gnu++17";
				CLANG_ENABLE_MODULES = YES;
				CLANG_ENABLE_OBJC_ARC = YES;
				CLANG_ENABLE_OBJC_WEAK = YES;
				CLANG_WARN_BLOCK_CAPTURE_AUTORELEASING = YES;
				CLANG_WARN_BOOL_CONVERSION = YES;
				CLANG_WARN_COMMA = YES;
				CLANG_WARN_CONSTANT_CONVERSION = YES;
				CLANG_WARN_DEPRECATED_OBJC_IMPLEMENTATIONS = YES;
				CLANG_WARN_DIRECT_OBJC_ISA_USAGE = YES_ERROR;
				CLANG_WARN_DOCUMENTATION_COMMENTS = YES;
				CLANG_WARN_EMPTY_BODY = YES;
				CLANG_WARN_ENUM_CONVERSION = YES;
				CLANG_WARN_INFINITE_RECURSION = YES;
				CLANG_WARN_INT_CONVERSION = YES;
				CLANG_WARN_NON_LITERAL_NULL_CONVERSION = YES;
				CLANG_WARN_OBJC_IMPLICIT_RETAIN_SELF = YES;
				CLANG_WARN_OBJC_LITERAL_CONVERSION = YES;
				CLANG_WARN_OBJC_ROOT_CLASS = YES_ERROR;
				CLANG_WARN_QUOTED_INCLUDE_IN_FRAMEWORK_HEADER = YES;
				CLANG_WARN_RANGE_LOOP_ANALYSIS = YES;
				CLANG_WARN_STRICT_PROTOTYPES = YES;
				CLANG_WARN_SUSPICIOUS_MOVE = YES;
				CLANG_WARN_UNGUARDED_AVAILABILITY = YES_AGGRESSIVE;
				CLANG_WARN_UNREACHABLE_CODE = YES;
				CLANG_WARN__DUPLICATE_METHOD_MATCH = YES;
				COPY_PHASE_STRIP = NO;
				DEBUG_INFORMATION_FORMAT = dwarf;
				ENABLE_STRICT_OBJC_MSGSEND = YES;
				ENABLE_TESTABILITY = YES;
				GCC_C_LANGUAGE_STANDARD = gnu11;
				GCC_DYNAMIC_NO_PIC = NO;
				GCC_NO_COMMON_BLOCKS = YES;
				GCC_OPTIMIZATION_LEVEL = 0;
				GCC_PREPROCESSOR_DEFINITIONS = (
					"DEBUG=1",
					"$(inherited)",
				);
				GCC_WARN_64_TO_32_BIT_CONVERSION = YES;
				GCC_WARN_ABOUT_RETURN_TYPE = YES_ERROR;
				GCC_WARN_UNDECLARED_SELECTOR = YES;
				GCC_WARN_UNINITIALIZED_AUTOS = YES_AGGRESSIVE;
				GCC_WARN_UNUSED_FUNCTION = YES;
				GCC_WARN_UNUSED_VARIABLE = YES;
				IPHONEOS_DEPLOYMENT_TARGET = 15.5;
				MTL_ENABLE_DEBUG_INFO = INCLUDE_SOURCE;
				MTL_FAST_MATH = YES;
				ONLY_ACTIVE_ARCH = YES;
				SDKROOT = iphoneos;
				SWIFT_ACTIVE_COMPILATION_CONDITIONS = DEBUG;
				SWIFT_OPTIMIZATION_LEVEL = "-Onone";
			};
			name = Debug;
		};
		6094721328D2F6AB008A6A1B /* Release */ = {
			isa = XCBuildConfiguration;
			buildSettings = {
				ALWAYS_SEARCH_USER_PATHS = NO;
				CLANG_ANALYZER_NONNULL = YES;
				CLANG_ANALYZER_NUMBER_OBJECT_CONVERSION = YES_AGGRESSIVE;
				CLANG_CXX_LANGUAGE_STANDARD = "gnu++17";
				CLANG_ENABLE_MODULES = YES;
				CLANG_ENABLE_OBJC_ARC = YES;
				CLANG_ENABLE_OBJC_WEAK = YES;
				CLANG_WARN_BLOCK_CAPTURE_AUTORELEASING = YES;
				CLANG_WARN_BOOL_CONVERSION = YES;
				CLANG_WARN_COMMA = YES;
				CLANG_WARN_CONSTANT_CONVERSION = YES;
				CLANG_WARN_DEPRECATED_OBJC_IMPLEMENTATIONS = YES;
				CLANG_WARN_DIRECT_OBJC_ISA_USAGE = YES_ERROR;
				CLANG_WARN_DOCUMENTATION_COMMENTS = YES;
				CLANG_WARN_EMPTY_BODY = YES;
				CLANG_WARN_ENUM_CONVERSION = YES;
				CLANG_WARN_INFINITE_RECURSION = YES;
				CLANG_WARN_INT_CONVERSION = YES;
				CLANG_WARN_NON_LITERAL_NULL_CONVERSION = YES;
				CLANG_WARN_OBJC_IMPLICIT_RETAIN_SELF = YES;
				CLANG_WARN_OBJC_LITERAL_CONVERSION = YES;
				CLANG_WARN_OBJC_ROOT_CLASS = YES_ERROR;
				CLANG_WARN_QUOTED_INCLUDE_IN_FRAMEWORK_HEADER = YES;
				CLANG_WARN_RANGE_LOOP_ANALYSIS = YES;
				CLANG_WARN_STRICT_PROTOTYPES = YES;
				CLANG_WARN_SUSPICIOUS_MOVE = YES;
				CLANG_WARN_UNGUARDED_AVAILABILITY = YES_AGGRESSIVE;
				CLANG_WARN_UNREACHABLE_CODE = YES;
				CLANG_WARN__DUPLICATE_METHOD_MATCH = YES;
				COPY_PHASE_STRIP = NO;
				DEBUG_INFORMATION_FORMAT = "dwarf-with-dsym";
				ENABLE_NS_ASSERTIONS = NO;
				ENABLE_STRICT_OBJC_MSGSEND = YES;
				GCC_C_LANGUAGE_STANDARD = gnu11;
				GCC_NO_COMMON_BLOCKS = YES;
				GCC_WARN_64_TO_32_BIT_CONVERSION = YES;
				GCC_WARN_ABOUT_RETURN_TYPE = YES_ERROR;
				GCC_WARN_UNDECLARED_SELECTOR = YES;
				GCC_WARN_UNINITIALIZED_AUTOS = YES_AGGRESSIVE;
				GCC_WARN_UNUSED_FUNCTION = YES;
				GCC_WARN_UNUSED_VARIABLE = YES;
				IPHONEOS_DEPLOYMENT_TARGET = 15.5;
				MTL_ENABLE_DEBUG_INFO = NO;
				MTL_FAST_MATH = YES;
				SDKROOT = iphoneos;
				SWIFT_COMPILATION_MODE = wholemodule;
				SWIFT_OPTIMIZATION_LEVEL = "-O";
				VALIDATE_PRODUCT = YES;
			};
			name = Release;
		};
		6094721528D2F6AB008A6A1B /* Debug */ = {
			isa = XCBuildConfiguration;
			buildSettings = {
				ASSETCATALOG_COMPILER_APPICON_NAME = AppIcon;
				ASSETCATALOG_COMPILER_GLOBAL_ACCENT_COLOR_NAME = AccentColor;
				CODE_SIGN_STYLE = Automatic;
				CURRENT_PROJECT_VERSION = 1;
				DEVELOPMENT_TEAM = 9B8HXWRU9W;
				GENERATE_INFOPLIST_FILE = YES;
				INFOPLIST_FILE = "iOS AppArchitectureAssignment2/Info.plist";
				INFOPLIST_KEY_UIApplicationSupportsIndirectInputEvents = YES;
				INFOPLIST_KEY_UILaunchStoryboardName = LaunchScreen;
				INFOPLIST_KEY_UIMainStoryboardFile = Main;
				INFOPLIST_KEY_UISupportedInterfaceOrientations_iPad = "UIInterfaceOrientationPortrait UIInterfaceOrientationPortraitUpsideDown UIInterfaceOrientationLandscapeLeft UIInterfaceOrientationLandscapeRight";
				INFOPLIST_KEY_UISupportedInterfaceOrientations_iPhone = "UIInterfaceOrientationPortrait UIInterfaceOrientationLandscapeLeft UIInterfaceOrientationLandscapeRight";
				LD_RUNPATH_SEARCH_PATHS = (
					"$(inherited)",
					"@executable_path/Frameworks",
				);
				MARKETING_VERSION = 1.0;
				PRODUCT_BUNDLE_IDENTIFIER = "com.pandey.iOS-AppArchitectureAssignment2";
				PRODUCT_NAME = "$(TARGET_NAME)";
				SWIFT_EMIT_LOC_STRINGS = YES;
				SWIFT_VERSION = 5.0;
				TARGETED_DEVICE_FAMILY = "1,2";
			};
			name = Debug;
		};
		6094721628D2F6AB008A6A1B /* Release */ = {
			isa = XCBuildConfiguration;
			buildSettings = {
				ASSETCATALOG_COMPILER_APPICON_NAME = AppIcon;
				ASSETCATALOG_COMPILER_GLOBAL_ACCENT_COLOR_NAME = AccentColor;
				CODE_SIGN_STYLE = Automatic;
				CURRENT_PROJECT_VERSION = 1;
				DEVELOPMENT_TEAM = 9B8HXWRU9W;
				GENERATE_INFOPLIST_FILE = YES;
				INFOPLIST_FILE = "iOS AppArchitectureAssignment2/Info.plist";
				INFOPLIST_KEY_UIApplicationSupportsIndirectInputEvents = YES;
				INFOPLIST_KEY_UILaunchStoryboardName = LaunchScreen;
				INFOPLIST_KEY_UIMainStoryboardFile = Main;
				INFOPLIST_KEY_UISupportedInterfaceOrientations_iPad = "UIInterfaceOrientationPortrait UIInterfaceOrientationPortraitUpsideDown UIInterfaceOrientationLandscapeLeft UIInterfaceOrientationLandscapeRight";
				INFOPLIST_KEY_UISupportedInterfaceOrientations_iPhone = "UIInterfaceOrientationPortrait UIInterfaceOrientationLandscapeLeft UIInterfaceOrientationLandscapeRight";
				LD_RUNPATH_SEARCH_PATHS = (
					"$(inherited)",
					"@executable_path/Frameworks",
				);
				MARKETING_VERSION = 1.0;
				PRODUCT_BUNDLE_IDENTIFIER = "com.pandey.iOS-AppArchitectureAssignment2";
				PRODUCT_NAME = "$(TARGET_NAME)";
				SWIFT_EMIT_LOC_STRINGS = YES;
				SWIFT_VERSION = 5.0;
				TARGETED_DEVICE_FAMILY = "1,2";
			};
			name = Release;
		};
/* End XCBuildConfiguration section */

/* Begin XCConfigurationList section */
		609471FB28D2F6A9008A6A1B /* Build configuration list for PBXProject "iOS AppArchitectureAssignment2" */ = {
			isa = XCConfigurationList;
			buildConfigurations = (
				6094721228D2F6AB008A6A1B /* Debug */,
				6094721328D2F6AB008A6A1B /* Release */,
			);
			defaultConfigurationIsVisible = 0;
			defaultConfigurationName = Release;
		};
		6094721428D2F6AB008A6A1B /* Build configuration list for PBXNativeTarget "iOS AppArchitectureAssignment2" */ = {
			isa = XCConfigurationList;
			buildConfigurations = (
				6094721528D2F6AB008A6A1B /* Debug */,
				6094721628D2F6AB008A6A1B /* Release */,
			);
			defaultConfigurationIsVisible = 0;
			defaultConfigurationName = Release;
		};
/* End XCConfigurationList section */
	};
	rootObject = 609471F828D2F6A9008A6A1B /* Project object */;
}
